
Microsoft Visual Studio Solution File, Format Version 12.00
# Visual Studio Version 17
VisualStudioVersion = 17.5.33516.290
MinimumVisualStudioVersion = 10.0.40219.1
Project("{9A19103F-16F7-4668-BE54-9A1E7A4F7556}") = "Slots", "Slots\Slots.csproj", "{C82383BD-99A0-466B-8432-2C63ACEAB73A}"
EndProject
Global
	GlobalSection(SolutionConfigurationPlatforms) = preSolution
		Debug|Any CPU = Debug|Any CPU
		Release|Any CPU = Release|Any CPU
	EndGlobalSection
	GlobalSection(ProjectConfigurationPlatforms) = postSolution
		{C82383BD-99A0-466B-8432-2C63ACEAB73A}.Debug|Any CPU.ActiveCfg = Debug|Any CPU
		{C82383BD-99A0-466B-8432-2C63ACEAB73A}.Debug|Any CPU.Build.0 = Debug|Any CPU
		{C82383BD-99A0-466B-8432-2C63ACEAB73A}.Release|Any CPU.ActiveCfg = Release|Any CPU
		{C82383BD-99A0-466B-8432-2C63ACEAB73A}.Release|Any CPU.Build.0 = Release|Any CPU
	EndGlobalSection
	GlobalSection(SolutionProperties) = preSolution
		HideSolutionNode = FALSE
	EndGlobalSection
	GlobalSection(ExtensibilityGlobals) = postSolution
		SolutionGuid = {02F2297C-4A0B-4587-B265-953E0A7D75A2}
	EndGlobalSection
EndGlobal
